// !$*UTF8*$!
{
	archiveVersion = 1;
	classes = {
	};
	objectVersion = 51;
	objects = {

/* Begin PBXBuildFile section */
		251AD6D619D356FDF119DB39 /* Pods_Elber.framework in Frameworks */ = {isa = PBXBuildFile; fileRef = FAC53D104D6E6E60F37B30D0 /* Pods_Elber.framework */; };
		4891F67B41600FC65A56AF0C /* Pods_Elber_WatchKit_App.framework in Frameworks */ = {isa = PBXBuildFile; fileRef = 9CA735206E849ACF3397CCFC /* Pods_Elber_WatchKit_App.framework */; };
		506358A3259532400064E103 /* AudioController.swift in Sources */ = {isa = PBXBuildFile; fileRef = 506358A2259532400064E103 /* AudioController.swift */; };
		506358A7259533640064E103 /* AudioController.swift in Sources */ = {isa = PBXBuildFile; fileRef = 506358A2259532400064E103 /* AudioController.swift */; };
		506358AC25955EF40064E103 /* SpeechController.swift in Sources */ = {isa = PBXBuildFile; fileRef = 506358AB25955EF40064E103 /* SpeechController.swift */; };
		50992E2F2593FD260077A203 /* AppDelegate.swift in Sources */ = {isa = PBXBuildFile; fileRef = 50992E2E2593FD260077A203 /* AppDelegate.swift */; };
		50992E312593FD260077A203 /* SceneDelegate.swift in Sources */ = {isa = PBXBuildFile; fileRef = 50992E302593FD260077A203 /* SceneDelegate.swift */; };
		50992E362593FD260077A203 /* Main.storyboard in Resources */ = {isa = PBXBuildFile; fileRef = 50992E342593FD260077A203 /* Main.storyboard */; };
		50992E382593FD280077A203 /* Assets.xcassets in Resources */ = {isa = PBXBuildFile; fileRef = 50992E372593FD280077A203 /* Assets.xcassets */; };
		50992E3B2593FD280077A203 /* LaunchScreen.storyboard in Resources */ = {isa = PBXBuildFile; fileRef = 50992E392593FD280077A203 /* LaunchScreen.storyboard */; };
		50992E402593FD280077A203 /* Elber WatchKit App.app in Embed Watch Content */ = {isa = PBXBuildFile; fileRef = 50992E3F2593FD280077A203 /* Elber WatchKit App.app */; settings = {ATTRIBUTES = (RemoveHeadersOnCopy, ); }; };
		50992E462593FD280077A203 /* Interface.storyboard in Resources */ = {isa = PBXBuildFile; fileRef = 50992E442593FD280077A203 /* Interface.storyboard */; };
		50992E482593FD2B0077A203 /* Assets.xcassets in Resources */ = {isa = PBXBuildFile; fileRef = 50992E472593FD2B0077A203 /* Assets.xcassets */; };
		50992E4F2593FD2B0077A203 /* Elber WatchKit Extension.appex in Embed App Extensions */ = {isa = PBXBuildFile; fileRef = 50992E4E2593FD2B0077A203 /* Elber WatchKit Extension.appex */; settings = {ATTRIBUTES = (RemoveHeadersOnCopy, ); }; };
		50992E542593FD2B0077A203 /* InterfaceController.swift in Sources */ = {isa = PBXBuildFile; fileRef = 50992E532593FD2B0077A203 /* InterfaceController.swift */; };
		50992E562593FD2B0077A203 /* ExtensionDelegate.swift in Sources */ = {isa = PBXBuildFile; fileRef = 50992E552593FD2B0077A203 /* ExtensionDelegate.swift */; };
		50992E582593FD2B0077A203 /* NotificationController.swift in Sources */ = {isa = PBXBuildFile; fileRef = 50992E572593FD2B0077A203 /* NotificationController.swift */; };
		50992E5A2593FD2B0077A203 /* ComplicationController.swift in Sources */ = {isa = PBXBuildFile; fileRef = 50992E592593FD2B0077A203 /* ComplicationController.swift */; };
		50992E5C2593FD2D0077A203 /* Assets.xcassets in Resources */ = {isa = PBXBuildFile; fileRef = 50992E5B2593FD2D0077A203 /* Assets.xcassets */; };
		50992E7425940E610077A203 /* ElberViewController.swift in Sources */ = {isa = PBXBuildFile; fileRef = 50992E7325940E610077A203 /* ElberViewController.swift */; };
		509CFFCD259515C90040F04F /* ViewUtils.swift in Sources */ = {isa = PBXBuildFile; fileRef = 509CFFCC259515C90040F04F /* ViewUtils.swift */; };
		50F09B592597AD3900269A93 /* SocketIOController.swift in Sources */ = {isa = PBXBuildFile; fileRef = 50F09B582597AD3900269A93 /* SocketIOController.swift */; };
		50F09B5E2597ADF900269A93 /* Constants.swift in Sources */ = {isa = PBXBuildFile; fileRef = 50F09B5D2597ADF900269A93 /* Constants.swift */; };
		75D7D07186B057C861C767EF /* Pods_Elber_WatchKit_Extension.framework in Frameworks */ = {isa = PBXBuildFile; fileRef = 6FC809A23A55A855D38B79E8 /* Pods_Elber_WatchKit_Extension.framework */; };
/* End PBXBuildFile section */

/* Begin PBXContainerItemProxy section */
		50992E412593FD280077A203 /* PBXContainerItemProxy */ = {
			isa = PBXContainerItemProxy;
			containerPortal = 50992E232593FD250077A203 /* Project object */;
			proxyType = 1;
			remoteGlobalIDString = 50992E3E2593FD280077A203;
			remoteInfo = "Elber WatchKit App";
		};
		50992E502593FD2B0077A203 /* PBXContainerItemProxy */ = {
			isa = PBXContainerItemProxy;
			containerPortal = 50992E232593FD250077A203 /* Project object */;
			proxyType = 1;
			remoteGlobalIDString = 50992E4D2593FD2B0077A203;
			remoteInfo = "Elber WatchKit Extension";
		};
/* End PBXContainerItemProxy section */

/* Begin PBXCopyFilesBuildPhase section */
		50992E642593FD2D0077A203 /* Embed App Extensions */ = {
			isa = PBXCopyFilesBuildPhase;
			buildActionMask = 2147483647;
			dstPath = "";
			dstSubfolderSpec = 13;
			files = (
				50992E4F2593FD2B0077A203 /* Elber WatchKit Extension.appex in Embed App Extensions */,
			);
			name = "Embed App Extensions";
			runOnlyForDeploymentPostprocessing = 0;
		};
		50992E682593FD2D0077A203 /* Embed Watch Content */ = {
			isa = PBXCopyFilesBuildPhase;
			buildActionMask = 2147483647;
			dstPath = "$(CONTENTS_FOLDER_PATH)/Watch";
			dstSubfolderSpec = 16;
			files = (
				50992E402593FD280077A203 /* Elber WatchKit App.app in Embed Watch Content */,
			);
			name = "Embed Watch Content";
			runOnlyForDeploymentPostprocessing = 0;
		};
/* End PBXCopyFilesBuildPhase section */

/* Begin PBXFileReference section */
		33415B4E6EA1D4E458409309 /* Pods-Elber WatchKit App.release.xcconfig */ = {isa = PBXFileReference; includeInIndex = 1; lastKnownFileType = text.xcconfig; name = "Pods-Elber WatchKit App.release.xcconfig"; path = "Target Support Files/Pods-Elber WatchKit App/Pods-Elber WatchKit App.release.xcconfig"; sourceTree = "<group>"; };
		506358A2259532400064E103 /* AudioController.swift */ = {isa = PBXFileReference; lastKnownFileType = sourcecode.swift; path = AudioController.swift; sourceTree = "<group>"; };
		506358AB25955EF40064E103 /* SpeechController.swift */ = {isa = PBXFileReference; lastKnownFileType = sourcecode.swift; path = SpeechController.swift; sourceTree = "<group>"; };
		50992E2B2593FD260077A203 /* Elber.app */ = {isa = PBXFileReference; explicitFileType = wrapper.application; includeInIndex = 0; path = Elber.app; sourceTree = BUILT_PRODUCTS_DIR; };
		50992E2E2593FD260077A203 /* AppDelegate.swift */ = {isa = PBXFileReference; lastKnownFileType = sourcecode.swift; path = AppDelegate.swift; sourceTree = "<group>"; };
		50992E302593FD260077A203 /* SceneDelegate.swift */ = {isa = PBXFileReference; lastKnownFileType = sourcecode.swift; path = SceneDelegate.swift; sourceTree = "<group>"; };
		50992E352593FD260077A203 /* Base */ = {isa = PBXFileReference; lastKnownFileType = file.storyboard; name = Base; path = Base.lproj/Main.storyboard; sourceTree = "<group>"; };
		50992E372593FD280077A203 /* Assets.xcassets */ = {isa = PBXFileReference; lastKnownFileType = folder.assetcatalog; path = Assets.xcassets; sourceTree = "<group>"; };
		50992E3A2593FD280077A203 /* Base */ = {isa = PBXFileReference; lastKnownFileType = file.storyboard; name = Base; path = Base.lproj/LaunchScreen.storyboard; sourceTree = "<group>"; };
		50992E3C2593FD280077A203 /* Info.plist */ = {isa = PBXFileReference; lastKnownFileType = text.plist.xml; path = Info.plist; sourceTree = "<group>"; };
		50992E3F2593FD280077A203 /* Elber WatchKit App.app */ = {isa = PBXFileReference; explicitFileType = wrapper.application; includeInIndex = 0; path = "Elber WatchKit App.app"; sourceTree = BUILT_PRODUCTS_DIR; };
		50992E452593FD280077A203 /* Base */ = {isa = PBXFileReference; lastKnownFileType = file.storyboard; name = Base; path = Base.lproj/Interface.storyboard; sourceTree = "<group>"; };
		50992E472593FD2B0077A203 /* Assets.xcassets */ = {isa = PBXFileReference; lastKnownFileType = folder.assetcatalog; path = Assets.xcassets; sourceTree = "<group>"; };
		50992E492593FD2B0077A203 /* Info.plist */ = {isa = PBXFileReference; lastKnownFileType = text.plist.xml; path = Info.plist; sourceTree = "<group>"; };
		50992E4E2593FD2B0077A203 /* Elber WatchKit Extension.appex */ = {isa = PBXFileReference; explicitFileType = "wrapper.app-extension"; includeInIndex = 0; path = "Elber WatchKit Extension.appex"; sourceTree = BUILT_PRODUCTS_DIR; };
		50992E532593FD2B0077A203 /* InterfaceController.swift */ = {isa = PBXFileReference; lastKnownFileType = sourcecode.swift; path = InterfaceController.swift; sourceTree = "<group>"; };
		50992E552593FD2B0077A203 /* ExtensionDelegate.swift */ = {isa = PBXFileReference; lastKnownFileType = sourcecode.swift; path = ExtensionDelegate.swift; sourceTree = "<group>"; };
		50992E572593FD2B0077A203 /* NotificationController.swift */ = {isa = PBXFileReference; lastKnownFileType = sourcecode.swift; path = NotificationController.swift; sourceTree = "<group>"; };
		50992E592593FD2B0077A203 /* ComplicationController.swift */ = {isa = PBXFileReference; lastKnownFileType = sourcecode.swift; path = ComplicationController.swift; sourceTree = "<group>"; };
		50992E5B2593FD2D0077A203 /* Assets.xcassets */ = {isa = PBXFileReference; lastKnownFileType = folder.assetcatalog; path = Assets.xcassets; sourceTree = "<group>"; };
		50992E5D2593FD2D0077A203 /* Info.plist */ = {isa = PBXFileReference; lastKnownFileType = text.plist.xml; path = Info.plist; sourceTree = "<group>"; };
		50992E5E2593FD2D0077A203 /* PushNotificationPayload.apns */ = {isa = PBXFileReference; lastKnownFileType = text; path = PushNotificationPayload.apns; sourceTree = "<group>"; };
		50992E7325940E610077A203 /* ElberViewController.swift */ = {isa = PBXFileReference; lastKnownFileType = sourcecode.swift; path = ElberViewController.swift; sourceTree = "<group>"; };
		509CFFCC259515C90040F04F /* ViewUtils.swift */ = {isa = PBXFileReference; lastKnownFileType = sourcecode.swift; path = ViewUtils.swift; sourceTree = "<group>"; };
		50F09B582597AD3900269A93 /* SocketIOController.swift */ = {isa = PBXFileReference; lastKnownFileType = sourcecode.swift; path = SocketIOController.swift; sourceTree = "<group>"; };
		50F09B5D2597ADF900269A93 /* Constants.swift */ = {isa = PBXFileReference; lastKnownFileType = sourcecode.swift; path = Constants.swift; sourceTree = "<group>"; };
		6FC809A23A55A855D38B79E8 /* Pods_Elber_WatchKit_Extension.framework */ = {isa = PBXFileReference; explicitFileType = wrapper.framework; includeInIndex = 0; path = Pods_Elber_WatchKit_Extension.framework; sourceTree = BUILT_PRODUCTS_DIR; };
		7002C0520FAEF638F5F7B249 /* Pods-Elber.release.xcconfig */ = {isa = PBXFileReference; includeInIndex = 1; lastKnownFileType = text.xcconfig; name = "Pods-Elber.release.xcconfig"; path = "Target Support Files/Pods-Elber/Pods-Elber.release.xcconfig"; sourceTree = "<group>"; };
		9353ACA4B522148863486F3C /* Pods-Elber WatchKit App.debug.xcconfig */ = {isa = PBXFileReference; includeInIndex = 1; lastKnownFileType = text.xcconfig; name = "Pods-Elber WatchKit App.debug.xcconfig"; path = "Target Support Files/Pods-Elber WatchKit App/Pods-Elber WatchKit App.debug.xcconfig"; sourceTree = "<group>"; };
		99EC1312FEFDA5826353C763 /* Pods-Elber WatchKit Extension.debug.xcconfig */ = {isa = PBXFileReference; includeInIndex = 1; lastKnownFileType = text.xcconfig; name = "Pods-Elber WatchKit Extension.debug.xcconfig"; path = "Target Support Files/Pods-Elber WatchKit Extension/Pods-Elber WatchKit Extension.debug.xcconfig"; sourceTree = "<group>"; };
		9A199D54E9502BF0428BCB9A /* Pods-Elber WatchKit Extension.release.xcconfig */ = {isa = PBXFileReference; includeInIndex = 1; lastKnownFileType = text.xcconfig; name = "Pods-Elber WatchKit Extension.release.xcconfig"; path = "Target Support Files/Pods-Elber WatchKit Extension/Pods-Elber WatchKit Extension.release.xcconfig"; sourceTree = "<group>"; };
		9CA735206E849ACF3397CCFC /* Pods_Elber_WatchKit_App.framework */ = {isa = PBXFileReference; explicitFileType = wrapper.framework; includeInIndex = 0; path = Pods_Elber_WatchKit_App.framework; sourceTree = BUILT_PRODUCTS_DIR; };
		E30EF18BEA41209DE7DA15CC /* Pods-Elber.debug.xcconfig */ = {isa = PBXFileReference; includeInIndex = 1; lastKnownFileType = text.xcconfig; name = "Pods-Elber.debug.xcconfig"; path = "Target Support Files/Pods-Elber/Pods-Elber.debug.xcconfig"; sourceTree = "<group>"; };
		FAC53D104D6E6E60F37B30D0 /* Pods_Elber.framework */ = {isa = PBXFileReference; explicitFileType = wrapper.framework; includeInIndex = 0; path = Pods_Elber.framework; sourceTree = BUILT_PRODUCTS_DIR; };
/* End PBXFileReference section */

/* Begin PBXFrameworksBuildPhase section */
		1B639A14F30388DF8F941AB6 /* Frameworks */ = {
			isa = PBXFrameworksBuildPhase;
			buildActionMask = 2147483647;
			files = (
				4891F67B41600FC65A56AF0C /* Pods_Elber_WatchKit_App.framework in Frameworks */,
			);
			runOnlyForDeploymentPostprocessing = 0;
		};
		50992E282593FD260077A203 /* Frameworks */ = {
			isa = PBXFrameworksBuildPhase;
			buildActionMask = 2147483647;
			files = (
				251AD6D619D356FDF119DB39 /* Pods_Elber.framework in Frameworks */,
			);
			runOnlyForDeploymentPostprocessing = 0;
		};
		50992E4B2593FD2B0077A203 /* Frameworks */ = {
			isa = PBXFrameworksBuildPhase;
			buildActionMask = 2147483647;
			files = (
				75D7D07186B057C861C767EF /* Pods_Elber_WatchKit_Extension.framework in Frameworks */,
			);
			runOnlyForDeploymentPostprocessing = 0;
		};
/* End PBXFrameworksBuildPhase section */

/* Begin PBXGroup section */
		22C5C061B7A960D7A8A8E579 /* Pods */ = {
			isa = PBXGroup;
			children = (
				E30EF18BEA41209DE7DA15CC /* Pods-Elber.debug.xcconfig */,
				7002C0520FAEF638F5F7B249 /* Pods-Elber.release.xcconfig */,
				9353ACA4B522148863486F3C /* Pods-Elber WatchKit App.debug.xcconfig */,
				33415B4E6EA1D4E458409309 /* Pods-Elber WatchKit App.release.xcconfig */,
				99EC1312FEFDA5826353C763 /* Pods-Elber WatchKit Extension.debug.xcconfig */,
				9A199D54E9502BF0428BCB9A /* Pods-Elber WatchKit Extension.release.xcconfig */,
			);
			path = Pods;
			sourceTree = "<group>";
		};
		506358A1259532240064E103 /* Controller */ = {
			isa = PBXGroup;
			children = (
				506358A2259532400064E103 /* AudioController.swift */,
				506358AB25955EF40064E103 /* SpeechController.swift */,
				50F09B582597AD3900269A93 /* SocketIOController.swift */,
				50F09B5D2597ADF900269A93 /* Constants.swift */,
			);
			path = Controller;
			sourceTree = "<group>";
		};
		50992E222593FD250077A203 = {
			isa = PBXGroup;
			children = (
				50992E2D2593FD260077A203 /* Elber */,
				50992E432593FD280077A203 /* Elber WatchKit App */,
				50992E522593FD2B0077A203 /* Elber WatchKit Extension */,
				50992E2C2593FD260077A203 /* Products */,
				22C5C061B7A960D7A8A8E579 /* Pods */,
				54D346921968F89FAAE25FCA /* Frameworks */,
			);
			sourceTree = "<group>";
		};
		50992E2C2593FD260077A203 /* Products */ = {
			isa = PBXGroup;
			children = (
				50992E2B2593FD260077A203 /* Elber.app */,
				50992E3F2593FD280077A203 /* Elber WatchKit App.app */,
				50992E4E2593FD2B0077A203 /* Elber WatchKit Extension.appex */,
			);
			name = Products;
			sourceTree = "<group>";
		};
		50992E2D2593FD260077A203 /* Elber */ = {
			isa = PBXGroup;
			children = (
				506358A1259532240064E103 /* Controller */,
				50992E7225940E470077A203 /* View */,
				50992E2E2593FD260077A203 /* AppDelegate.swift */,
				50992E302593FD260077A203 /* SceneDelegate.swift */,
				50992E342593FD260077A203 /* Main.storyboard */,
				50992E372593FD280077A203 /* Assets.xcassets */,
				50992E392593FD280077A203 /* LaunchScreen.storyboard */,
				50992E3C2593FD280077A203 /* Info.plist */,
			);
			path = Elber;
			sourceTree = "<group>";
		};
		50992E432593FD280077A203 /* Elber WatchKit App */ = {
			isa = PBXGroup;
			children = (
				50992E442593FD280077A203 /* Interface.storyboard */,
				50992E472593FD2B0077A203 /* Assets.xcassets */,
				50992E492593FD2B0077A203 /* Info.plist */,
			);
			path = "Elber WatchKit App";
			sourceTree = "<group>";
		};
		50992E522593FD2B0077A203 /* Elber WatchKit Extension */ = {
			isa = PBXGroup;
			children = (
				50992E532593FD2B0077A203 /* InterfaceController.swift */,
				50992E552593FD2B0077A203 /* ExtensionDelegate.swift */,
				50992E572593FD2B0077A203 /* NotificationController.swift */,
				50992E592593FD2B0077A203 /* ComplicationController.swift */,
				50992E5B2593FD2D0077A203 /* Assets.xcassets */,
				50992E5D2593FD2D0077A203 /* Info.plist */,
				50992E5E2593FD2D0077A203 /* PushNotificationPayload.apns */,
			);
			path = "Elber WatchKit Extension";
			sourceTree = "<group>";
		};
		50992E7225940E470077A203 /* View */ = {
			isa = PBXGroup;
			children = (
				50992E7325940E610077A203 /* ElberViewController.swift */,
				509CFFCC259515C90040F04F /* ViewUtils.swift */,
			);
			path = View;
			sourceTree = "<group>";
		};
		54D346921968F89FAAE25FCA /* Frameworks */ = {
			isa = PBXGroup;
			children = (
				FAC53D104D6E6E60F37B30D0 /* Pods_Elber.framework */,
				9CA735206E849ACF3397CCFC /* Pods_Elber_WatchKit_App.framework */,
				6FC809A23A55A855D38B79E8 /* Pods_Elber_WatchKit_Extension.framework */,
			);
			name = Frameworks;
			sourceTree = "<group>";
		};
/* End PBXGroup section */

/* Begin PBXNativeTarget section */
		50992E2A2593FD260077A203 /* Elber */ = {
			isa = PBXNativeTarget;
			buildConfigurationList = 50992E692593FD2D0077A203 /* Build configuration list for PBXNativeTarget "Elber" */;
			buildPhases = (
				25A5E46175AD28AAB6061B5B /* [CP] Check Pods Manifest.lock */,
				50992E272593FD260077A203 /* Sources */,
				50992E282593FD260077A203 /* Frameworks */,
				50992E292593FD260077A203 /* Resources */,
				50992E682593FD2D0077A203 /* Embed Watch Content */,
				1AC53CD5E183115FF5E29041 /* [CP] Embed Pods Frameworks */,
			);
			buildRules = (
			);
			dependencies = (
				50992E422593FD280077A203 /* PBXTargetDependency */,
			);
			name = Elber;
			productName = Elber;
			productReference = 50992E2B2593FD260077A203 /* Elber.app */;
			productType = "com.apple.product-type.application";
		};
		50992E3E2593FD280077A203 /* Elber WatchKit App */ = {
			isa = PBXNativeTarget;
			buildConfigurationList = 50992E652593FD2D0077A203 /* Build configuration list for PBXNativeTarget "Elber WatchKit App" */;
			buildPhases = (
				24F4AB317C2DB42C852830ED /* [CP] Check Pods Manifest.lock */,
				50992E3D2593FD280077A203 /* Resources */,
				50992E642593FD2D0077A203 /* Embed App Extensions */,
				1B639A14F30388DF8F941AB6 /* Frameworks */,
			);
			buildRules = (
			);
			dependencies = (
				50992E512593FD2B0077A203 /* PBXTargetDependency */,
			);
			name = "Elber WatchKit App";
			productName = "Elber WatchKit App";
			productReference = 50992E3F2593FD280077A203 /* Elber WatchKit App.app */;
			productType = "com.apple.product-type.application.watchapp2";
		};
		50992E4D2593FD2B0077A203 /* Elber WatchKit Extension */ = {
			isa = PBXNativeTarget;
			buildConfigurationList = 50992E612593FD2D0077A203 /* Build configuration list for PBXNativeTarget "Elber WatchKit Extension" */;
			buildPhases = (
				EA7D8A2F0065FE2C5F6F7592 /* [CP] Check Pods Manifest.lock */,
				50992E4A2593FD2B0077A203 /* Sources */,
				50992E4B2593FD2B0077A203 /* Frameworks */,
				50992E4C2593FD2B0077A203 /* Resources */,
			);
			buildRules = (
			);
			dependencies = (
			);
			name = "Elber WatchKit Extension";
			productName = "Elber WatchKit Extension";
			productReference = 50992E4E2593FD2B0077A203 /* Elber WatchKit Extension.appex */;
			productType = "com.apple.product-type.watchkit2-extension";
		};
/* End PBXNativeTarget section */

/* Begin PBXProject section */
		50992E232593FD250077A203 /* Project object */ = {
			isa = PBXProject;
			attributes = {
				LastSwiftUpdateCheck = 1220;
				LastUpgradeCheck = 1220;
				TargetAttributes = {
					50992E2A2593FD260077A203 = {
						CreatedOnToolsVersion = 12.2;
					};
					50992E3E2593FD280077A203 = {
						CreatedOnToolsVersion = 12.2;
					};
					50992E4D2593FD2B0077A203 = {
						CreatedOnToolsVersion = 12.2;
					};
				};
			};
			buildConfigurationList = 50992E262593FD250077A203 /* Build configuration list for PBXProject "Elber" */;
			compatibilityVersion = "Xcode 9.3";
			developmentRegion = en;
			hasScannedForEncodings = 0;
			knownRegions = (
				en,
				Base,
			);
			mainGroup = 50992E222593FD250077A203;
			productRefGroup = 50992E2C2593FD260077A203 /* Products */;
			projectDirPath = "";
			projectRoot = "";
			targets = (
				50992E2A2593FD260077A203 /* Elber */,
				50992E3E2593FD280077A203 /* Elber WatchKit App */,
				50992E4D2593FD2B0077A203 /* Elber WatchKit Extension */,
			);
		};
/* End PBXProject section */

/* Begin PBXResourcesBuildPhase section */
		50992E292593FD260077A203 /* Resources */ = {
			isa = PBXResourcesBuildPhase;
			buildActionMask = 2147483647;
			files = (
				50992E3B2593FD280077A203 /* LaunchScreen.storyboard in Resources */,
				50992E382593FD280077A203 /* Assets.xcassets in Resources */,
				50992E362593FD260077A203 /* Main.storyboard in Resources */,
			);
			runOnlyForDeploymentPostprocessing = 0;
		};
		50992E3D2593FD280077A203 /* Resources */ = {
			isa = PBXResourcesBuildPhase;
			buildActionMask = 2147483647;
			files = (
				50992E482593FD2B0077A203 /* Assets.xcassets in Resources */,
				50992E462593FD280077A203 /* Interface.storyboard in Resources */,
			);
			runOnlyForDeploymentPostprocessing = 0;
		};
		50992E4C2593FD2B0077A203 /* Resources */ = {
			isa = PBXResourcesBuildPhase;
			buildActionMask = 2147483647;
			files = (
				50992E5C2593FD2D0077A203 /* Assets.xcassets in Resources */,
			);
			runOnlyForDeploymentPostprocessing = 0;
		};
/* End PBXResourcesBuildPhase section */

/* Begin PBXShellScriptBuildPhase section */
		1AC53CD5E183115FF5E29041 /* [CP] Embed Pods Frameworks */ = {
			isa = PBXShellScriptBuildPhase;
			buildActionMask = 2147483647;
			files = (
			);
			inputFileListPaths = (
				"${PODS_ROOT}/Target Support Files/Pods-Elber/Pods-Elber-frameworks-${CONFIGURATION}-input-files.xcfilelist",
			);
			name = "[CP] Embed Pods Frameworks";
			outputFileListPaths = (
				"${PODS_ROOT}/Target Support Files/Pods-Elber/Pods-Elber-frameworks-${CONFIGURATION}-output-files.xcfilelist",
			);
			runOnlyForDeploymentPostprocessing = 0;
			shellPath = /bin/sh;
			shellScript = "\"${PODS_ROOT}/Target Support Files/Pods-Elber/Pods-Elber-frameworks.sh\"\n";
			showEnvVarsInLog = 0;
		};
		24F4AB317C2DB42C852830ED /* [CP] Check Pods Manifest.lock */ = {
			isa = PBXShellScriptBuildPhase;
			buildActionMask = 2147483647;
			files = (
			);
			inputFileListPaths = (
			);
			inputPaths = (
				"${PODS_PODFILE_DIR_PATH}/Podfile.lock",
				"${PODS_ROOT}/Manifest.lock",
			);
			name = "[CP] Check Pods Manifest.lock";
			outputFileListPaths = (
			);
			outputPaths = (
				"$(DERIVED_FILE_DIR)/Pods-Elber WatchKit App-checkManifestLockResult.txt",
			);
			runOnlyForDeploymentPostprocessing = 0;
			shellPath = /bin/sh;
			shellScript = "diff \"${PODS_PODFILE_DIR_PATH}/Podfile.lock\" \"${PODS_ROOT}/Manifest.lock\" > /dev/null\nif [ $? != 0 ] ; then\n    # print error to STDERR\n    echo \"error: The sandbox is not in sync with the Podfile.lock. Run 'pod install' or update your CocoaPods installation.\" >&2\n    exit 1\nfi\n# This output is used by Xcode 'outputs' to avoid re-running this script phase.\necho \"SUCCESS\" > \"${SCRIPT_OUTPUT_FILE_0}\"\n";
			showEnvVarsInLog = 0;
		};
		25A5E46175AD28AAB6061B5B /* [CP] Check Pods Manifest.lock */ = {
			isa = PBXShellScriptBuildPhase;
			buildActionMask = 2147483647;
			files = (
			);
			inputFileListPaths = (
			);
			inputPaths = (
				"${PODS_PODFILE_DIR_PATH}/Podfile.lock",
				"${PODS_ROOT}/Manifest.lock",
			);
			name = "[CP] Check Pods Manifest.lock";
			outputFileListPaths = (
			);
			outputPaths = (
				"$(DERIVED_FILE_DIR)/Pods-Elber-checkManifestLockResult.txt",
			);
			runOnlyForDeploymentPostprocessing = 0;
			shellPath = /bin/sh;
			shellScript = "diff \"${PODS_PODFILE_DIR_PATH}/Podfile.lock\" \"${PODS_ROOT}/Manifest.lock\" > /dev/null\nif [ $? != 0 ] ; then\n    # print error to STDERR\n    echo \"error: The sandbox is not in sync with the Podfile.lock. Run 'pod install' or update your CocoaPods installation.\" >&2\n    exit 1\nfi\n# This output is used by Xcode 'outputs' to avoid re-running this script phase.\necho \"SUCCESS\" > \"${SCRIPT_OUTPUT_FILE_0}\"\n";
			showEnvVarsInLog = 0;
		};
		EA7D8A2F0065FE2C5F6F7592 /* [CP] Check Pods Manifest.lock */ = {
			isa = PBXShellScriptBuildPhase;
			buildActionMask = 2147483647;
			files = (
			);
			inputFileListPaths = (
			);
			inputPaths = (
				"${PODS_PODFILE_DIR_PATH}/Podfile.lock",
				"${PODS_ROOT}/Manifest.lock",
			);
			name = "[CP] Check Pods Manifest.lock";
			outputFileListPaths = (
			);
			outputPaths = (
				"$(DERIVED_FILE_DIR)/Pods-Elber WatchKit Extension-checkManifestLockResult.txt",
			);
			runOnlyForDeploymentPostprocessing = 0;
			shellPath = /bin/sh;
			shellScript = "diff \"${PODS_PODFILE_DIR_PATH}/Podfile.lock\" \"${PODS_ROOT}/Manifest.lock\" > /dev/null\nif [ $? != 0 ] ; then\n    # print error to STDERR\n    echo \"error: The sandbox is not in sync with the Podfile.lock. Run 'pod install' or update your CocoaPods installation.\" >&2\n    exit 1\nfi\n# This output is used by Xcode 'outputs' to avoid re-running this script phase.\necho \"SUCCESS\" > \"${SCRIPT_OUTPUT_FILE_0}\"\n";
			showEnvVarsInLog = 0;
		};
/* End PBXShellScriptBuildPhase section */

/* Begin PBXSourcesBuildPhase section */
		50992E272593FD260077A203 /* Sources */ = {
			isa = PBXSourcesBuildPhase;
			buildActionMask = 2147483647;
			files = (
				506358A3259532400064E103 /* AudioController.swift in Sources */,
				50992E7425940E610077A203 /* ElberViewController.swift in Sources */,
				50F09B592597AD3900269A93 /* SocketIOController.swift in Sources */,
				50992E2F2593FD260077A203 /* AppDelegate.swift in Sources */,
				509CFFCD259515C90040F04F /* ViewUtils.swift in Sources */,
				50992E312593FD260077A203 /* SceneDelegate.swift in Sources */,
				506358AC25955EF40064E103 /* SpeechController.swift in Sources */,
				50F09B5E2597ADF900269A93 /* Constants.swift in Sources */,
			);
			runOnlyForDeploymentPostprocessing = 0;
		};
		50992E4A2593FD2B0077A203 /* Sources */ = {
			isa = PBXSourcesBuildPhase;
			buildActionMask = 2147483647;
			files = (
				506358A7259533640064E103 /* AudioController.swift in Sources */,
				50992E582593FD2B0077A203 /* NotificationController.swift in Sources */,
				50992E5A2593FD2B0077A203 /* ComplicationController.swift in Sources */,
				50992E562593FD2B0077A203 /* ExtensionDelegate.swift in Sources */,
				50992E542593FD2B0077A203 /* InterfaceController.swift in Sources */,
			);
			runOnlyForDeploymentPostprocessing = 0;
		};
/* End PBXSourcesBuildPhase section */

/* Begin PBXTargetDependency section */
		50992E422593FD280077A203 /* PBXTargetDependency */ = {
			isa = PBXTargetDependency;
			target = 50992E3E2593FD280077A203 /* Elber WatchKit App */;
			targetProxy = 50992E412593FD280077A203 /* PBXContainerItemProxy */;
		};
		50992E512593FD2B0077A203 /* PBXTargetDependency */ = {
			isa = PBXTargetDependency;
			target = 50992E4D2593FD2B0077A203 /* Elber WatchKit Extension */;
			targetProxy = 50992E502593FD2B0077A203 /* PBXContainerItemProxy */;
		};
/* End PBXTargetDependency section */

/* Begin PBXVariantGroup section */
		50992E342593FD260077A203 /* Main.storyboard */ = {
			isa = PBXVariantGroup;
			children = (
				50992E352593FD260077A203 /* Base */,
			);
			name = Main.storyboard;
			sourceTree = "<group>";
		};
		50992E392593FD280077A203 /* LaunchScreen.storyboard */ = {
			isa = PBXVariantGroup;
			children = (
				50992E3A2593FD280077A203 /* Base */,
			);
			name = LaunchScreen.storyboard;
			sourceTree = "<group>";
		};
		50992E442593FD280077A203 /* Interface.storyboard */ = {
			isa = PBXVariantGroup;
			children = (
				50992E452593FD280077A203 /* Base */,
			);
			name = Interface.storyboard;
			sourceTree = "<group>";
		};
/* End PBXVariantGroup section */

/* Begin XCBuildConfiguration section */
		50992E5F2593FD2D0077A203 /* Debug */ = {
			isa = XCBuildConfiguration;
			buildSettings = {
				ALWAYS_SEARCH_USER_PATHS = NO;
				CLANG_ANALYZER_NONNULL = YES;
				CLANG_ANALYZER_NUMBER_OBJECT_CONVERSION = YES_AGGRESSIVE;
				CLANG_CXX_LANGUAGE_STANDARD = "gnu++14";
				CLANG_CXX_LIBRARY = "libc++";
				CLANG_ENABLE_MODULES = YES;
				CLANG_ENABLE_OBJC_ARC = YES;
				CLANG_ENABLE_OBJC_WEAK = YES;
				CLANG_WARN_BLOCK_CAPTURE_AUTORELEASING = YES;
				CLANG_WARN_BOOL_CONVERSION = YES;
				CLANG_WARN_COMMA = YES;
				CLANG_WARN_CONSTANT_CONVERSION = YES;
				CLANG_WARN_DEPRECATED_OBJC_IMPLEMENTATIONS = YES;
				CLANG_WARN_DIRECT_OBJC_ISA_USAGE = YES_ERROR;
				CLANG_WARN_DOCUMENTATION_COMMENTS = YES;
				CLANG_WARN_EMPTY_BODY = YES;
				CLANG_WARN_ENUM_CONVERSION = YES;
				CLANG_WARN_INFINITE_RECURSION = YES;
				CLANG_WARN_INT_CONVERSION = YES;
				CLANG_WARN_NON_LITERAL_NULL_CONVERSION = YES;
				CLANG_WARN_OBJC_IMPLICIT_RETAIN_SELF = YES;
				CLANG_WARN_OBJC_LITERAL_CONVERSION = YES;
				CLANG_WARN_OBJC_ROOT_CLASS = YES_ERROR;
				CLANG_WARN_QUOTED_INCLUDE_IN_FRAMEWORK_HEADER = YES;
				CLANG_WARN_RANGE_LOOP_ANALYSIS = YES;
				CLANG_WARN_STRICT_PROTOTYPES = YES;
				CLANG_WARN_SUSPICIOUS_MOVE = YES;
				CLANG_WARN_UNGUARDED_AVAILABILITY = YES_AGGRESSIVE;
				CLANG_WARN_UNREACHABLE_CODE = YES;
				CLANG_WARN__DUPLICATE_METHOD_MATCH = YES;
				COPY_PHASE_STRIP = NO;
				DEBUG_INFORMATION_FORMAT = dwarf;
				ENABLE_STRICT_OBJC_MSGSEND = YES;
				ENABLE_TESTABILITY = YES;
				GCC_C_LANGUAGE_STANDARD = gnu11;
				GCC_DYNAMIC_NO_PIC = NO;
				GCC_NO_COMMON_BLOCKS = YES;
				GCC_OPTIMIZATION_LEVEL = 0;
				GCC_PREPROCESSOR_DEFINITIONS = (
					"DEBUG=1",
					"$(inherited)",
				);
				GCC_WARN_64_TO_32_BIT_CONVERSION = YES;
				GCC_WARN_ABOUT_RETURN_TYPE = YES_ERROR;
				GCC_WARN_UNDECLARED_SELECTOR = YES;
				GCC_WARN_UNINITIALIZED_AUTOS = YES_AGGRESSIVE;
				GCC_WARN_UNUSED_FUNCTION = YES;
				GCC_WARN_UNUSED_VARIABLE = YES;
				MTL_ENABLE_DEBUG_INFO = INCLUDE_SOURCE;
				MTL_FAST_MATH = YES;
				ONLY_ACTIVE_ARCH = YES;
				SWIFT_ACTIVE_COMPILATION_CONDITIONS = DEBUG;
				SWIFT_OPTIMIZATION_LEVEL = "-Onone";
			};
			name = Debug;
		};
		50992E602593FD2D0077A203 /* Release */ = {
			isa = XCBuildConfiguration;
			buildSettings = {
				ALWAYS_SEARCH_USER_PATHS = NO;
				CLANG_ANALYZER_NONNULL = YES;
				CLANG_ANALYZER_NUMBER_OBJECT_CONVERSION = YES_AGGRESSIVE;
				CLANG_CXX_LANGUAGE_STANDARD = "gnu++14";
				CLANG_CXX_LIBRARY = "libc++";
				CLANG_ENABLE_MODULES = YES;
				CLANG_ENABLE_OBJC_ARC = YES;
				CLANG_ENABLE_OBJC_WEAK = YES;
				CLANG_WARN_BLOCK_CAPTURE_AUTORELEASING = YES;
				CLANG_WARN_BOOL_CONVERSION = YES;
				CLANG_WARN_COMMA = YES;
				CLANG_WARN_CONSTANT_CONVERSION = YES;
				CLANG_WARN_DEPRECATED_OBJC_IMPLEMENTATIONS = YES;
				CLANG_WARN_DIRECT_OBJC_ISA_USAGE = YES_ERROR;
				CLANG_WARN_DOCUMENTATION_COMMENTS = YES;
				CLANG_WARN_EMPTY_BODY = YES;
				CLANG_WARN_ENUM_CONVERSION = YES;
				CLANG_WARN_INFINITE_RECURSION = YES;
				CLANG_WARN_INT_CONVERSION = YES;
				CLANG_WARN_NON_LITERAL_NULL_CONVERSION = YES;
				CLANG_WARN_OBJC_IMPLICIT_RETAIN_SELF = YES;
				CLANG_WARN_OBJC_LITERAL_CONVERSION = YES;
				CLANG_WARN_OBJC_ROOT_CLASS = YES_ERROR;
				CLANG_WARN_QUOTED_INCLUDE_IN_FRAMEWORK_HEADER = YES;
				CLANG_WARN_RANGE_LOOP_ANALYSIS = YES;
				CLANG_WARN_STRICT_PROTOTYPES = YES;
				CLANG_WARN_SUSPICIOUS_MOVE = YES;
				CLANG_WARN_UNGUARDED_AVAILABILITY = YES_AGGRESSIVE;
				CLANG_WARN_UNREACHABLE_CODE = YES;
				CLANG_WARN__DUPLICATE_METHOD_MATCH = YES;
				COPY_PHASE_STRIP = NO;
				DEBUG_INFORMATION_FORMAT = "dwarf-with-dsym";
				ENABLE_NS_ASSERTIONS = NO;
				ENABLE_STRICT_OBJC_MSGSEND = YES;
				GCC_C_LANGUAGE_STANDARD = gnu11;
				GCC_NO_COMMON_BLOCKS = YES;
				GCC_WARN_64_TO_32_BIT_CONVERSION = YES;
				GCC_WARN_ABOUT_RETURN_TYPE = YES_ERROR;
				GCC_WARN_UNDECLARED_SELECTOR = YES;
				GCC_WARN_UNINITIALIZED_AUTOS = YES_AGGRESSIVE;
				GCC_WARN_UNUSED_FUNCTION = YES;
				GCC_WARN_UNUSED_VARIABLE = YES;
				MTL_ENABLE_DEBUG_INFO = NO;
				MTL_FAST_MATH = YES;
				SWIFT_COMPILATION_MODE = wholemodule;
				SWIFT_OPTIMIZATION_LEVEL = "-O";
			};
			name = Release;
		};
		50992E622593FD2D0077A203 /* Debug */ = {
			isa = XCBuildConfiguration;
			baseConfigurationReference = 99EC1312FEFDA5826353C763 /* Pods-Elber WatchKit Extension.debug.xcconfig */;
			buildSettings = {
				ASSETCATALOG_COMPILER_COMPLICATION_NAME = Complication;
				CODE_SIGN_STYLE = Automatic;
				DEVELOPMENT_TEAM = VGUJZ39WN5;
				INFOPLIST_FILE = "Elber WatchKit Extension/Info.plist";
				LD_RUNPATH_SEARCH_PATHS = (
					"$(inherited)",
					"@executable_path/Frameworks",
					"@executable_path/../../Frameworks",
				);
				PRODUCT_BUNDLE_IDENTIFIER = mx.com.mnava.Elber.watchkitapp.watchkitextension;
				PRODUCT_NAME = "${TARGET_NAME}";
				SDKROOT = watchos;
				SKIP_INSTALL = YES;
				SWIFT_VERSION = 5.0;
				TARGETED_DEVICE_FAMILY = 4;
				WATCHOS_DEPLOYMENT_TARGET = 7.1;
			};
			name = Debug;
		};
		50992E632593FD2D0077A203 /* Release */ = {
			isa = XCBuildConfiguration;
			baseConfigurationReference = 9A199D54E9502BF0428BCB9A /* Pods-Elber WatchKit Extension.release.xcconfig */;
			buildSettings = {
				ASSETCATALOG_COMPILER_COMPLICATION_NAME = Complication;
				CODE_SIGN_STYLE = Automatic;
				DEVELOPMENT_TEAM = VGUJZ39WN5;
				INFOPLIST_FILE = "Elber WatchKit Extension/Info.plist";
				LD_RUNPATH_SEARCH_PATHS = (
					"$(inherited)",
					"@executable_path/Frameworks",
					"@executable_path/../../Frameworks",
				);
				PRODUCT_BUNDLE_IDENTIFIER = mx.com.mnava.Elber.watchkitapp.watchkitextension;
				PRODUCT_NAME = "${TARGET_NAME}";
				SDKROOT = watchos;
				SKIP_INSTALL = YES;
				SWIFT_VERSION = 5.0;
				TARGETED_DEVICE_FAMILY = 4;
				VALIDATE_PRODUCT = YES;
				WATCHOS_DEPLOYMENT_TARGET = 7.1;
			};
			name = Release;
		};
		50992E662593FD2D0077A203 /* Debug */ = {
			isa = XCBuildConfiguration;
			baseConfigurationReference = 9353ACA4B522148863486F3C /* Pods-Elber WatchKit App.debug.xcconfig */;
			buildSettings = {
				ALWAYS_EMBED_SWIFT_STANDARD_LIBRARIES = YES;
				ASSETCATALOG_COMPILER_APPICON_NAME = AppIcon;
				ASSETCATALOG_COMPILER_GLOBAL_ACCENT_COLOR_NAME = AccentColor;
				CODE_SIGN_STYLE = Automatic;
				DEVELOPMENT_TEAM = VGUJZ39WN5;
				IBSC_MODULE = Elber_WatchKit_Extension;
				INFOPLIST_FILE = "Elber WatchKit App/Info.plist";
				PRODUCT_BUNDLE_IDENTIFIER = mx.com.mnava.Elber.watchkitapp;
				PRODUCT_NAME = "$(TARGET_NAME)";
				SDKROOT = watchos;
				SKIP_INSTALL = YES;
				SWIFT_VERSION = 5.0;
				TARGETED_DEVICE_FAMILY = 4;
				WATCHOS_DEPLOYMENT_TARGET = 7.1;
			};
			name = Debug;
		};
		50992E672593FD2D0077A203 /* Release */ = {
			isa = XCBuildConfiguration;
			baseConfigurationReference = 33415B4E6EA1D4E458409309 /* Pods-Elber WatchKit App.release.xcconfig */;
			buildSettings = {
				ALWAYS_EMBED_SWIFT_STANDARD_LIBRARIES = YES;
				ASSETCATALOG_COMPILER_APPICON_NAME = AppIcon;
				ASSETCATALOG_COMPILER_GLOBAL_ACCENT_COLOR_NAME = AccentColor;
				CODE_SIGN_STYLE = Automatic;
				DEVELOPMENT_TEAM = VGUJZ39WN5;
				IBSC_MODULE = Elber_WatchKit_Extension;
				INFOPLIST_FILE = "Elber WatchKit App/Info.plist";
				PRODUCT_BUNDLE_IDENTIFIER = mx.com.mnava.Elber.watchkitapp;
				PRODUCT_NAME = "$(TARGET_NAME)";
				SDKROOT = watchos;
				SKIP_INSTALL = YES;
				SWIFT_VERSION = 5.0;
				TARGETED_DEVICE_FAMILY = 4;
				VALIDATE_PRODUCT = YES;
				WATCHOS_DEPLOYMENT_TARGET = 7.1;
			};
			name = Release;
		};
		50992E6A2593FD2D0077A203 /* Debug */ = {
			isa = XCBuildConfiguration;
			baseConfigurationReference = E30EF18BEA41209DE7DA15CC /* Pods-Elber.debug.xcconfig */;
			buildSettings = {
				ASSETCATALOG_COMPILER_APPICON_NAME = AppIcon;
				ASSETCATALOG_COMPILER_GLOBAL_ACCENT_COLOR_NAME = AccentColor;
				CODE_SIGN_STYLE = Automatic;
				DEVELOPMENT_TEAM = VGUJZ39WN5;
				INFOPLIST_FILE = Elber/Info.plist;
				IPHONEOS_DEPLOYMENT_TARGET = 14.2;
				LD_RUNPATH_SEARCH_PATHS = (
					"$(inherited)",
					"@executable_path/Frameworks",
				);
				PRODUCT_BUNDLE_IDENTIFIER = mx.com.mnava.Elber;
				PRODUCT_NAME = "$(TARGET_NAME)";
				SDKROOT = iphoneos;
				SWIFT_VERSION = 5.0;
				TARGETED_DEVICE_FAMILY = 1;
			};
			name = Debug;
		};
		50992E6B2593FD2D0077A203 /* Release */ = {
			isa = XCBuildConfiguration;
			baseConfigurationReference = 7002C0520FAEF638F5F7B249 /* Pods-Elber.release.xcconfig */;
			buildSettings = {
				ASSETCATALOG_COMPILER_APPICON_NAME = AppIcon;
				ASSETCATALOG_COMPILER_GLOBAL_ACCENT_COLOR_NAME = AccentColor;
				CODE_SIGN_STYLE = Automatic;
				DEVELOPMENT_TEAM = VGUJZ39WN5;
				INFOPLIST_FILE = Elber/Info.plist;
				IPHONEOS_DEPLOYMENT_TARGET = 14.2;
				LD_RUNPATH_SEARCH_PATHS = (
					"$(inherited)",
					"@executable_path/Frameworks",
				);
				PRODUCT_BUNDLE_IDENTIFIER = mx.com.mnava.Elber;
				PRODUCT_NAME = "$(TARGET_NAME)";
				SDKROOT = iphoneos;
				SWIFT_VERSION = 5.0;
				TARGETED_DEVICE_FAMILY = 1;
				VALIDATE_PRODUCT = YES;
			};
			name = Release;
		};
/* End XCBuildConfiguration section */

/* Begin XCConfigurationList section */
		50992E262593FD250077A203 /* Build configuration list for PBXProject "Elber" */ = {
			isa = XCConfigurationList;
			buildConfigurations = (
				50992E5F2593FD2D0077A203 /* Debug */,
				50992E602593FD2D0077A203 /* Release */,
			);
			defaultConfigurationIsVisible = 0;
			defaultConfigurationName = Release;
		};
		50992E612593FD2D0077A203 /* Build configuration list for PBXNativeTarget "Elber WatchKit Extension" */ = {
			isa = XCConfigurationList;
			buildConfigurations = (
				50992E622593FD2D0077A203 /* Debug */,
				50992E632593FD2D0077A203 /* Release */,
			);
			defaultConfigurationIsVisible = 0;
			defaultConfigurationName = Release;
		};
		50992E652593FD2D0077A203 /* Build configuration list for PBXNativeTarget "Elber WatchKit App" */ = {
			isa = XCConfigurationList;
			buildConfigurations = (
				50992E662593FD2D0077A203 /* Debug */,
				50992E672593FD2D0077A203 /* Release */,
			);
			defaultConfigurationIsVisible = 0;
			defaultConfigurationName = Release;
		};
		50992E692593FD2D0077A203 /* Build configuration list for PBXNativeTarget "Elber" */ = {
			isa = XCConfigurationList;
			buildConfigurations = (
				50992E6A2593FD2D0077A203 /* Debug */,
				50992E6B2593FD2D0077A203 /* Release */,
			);
			defaultConfigurationIsVisible = 0;
			defaultConfigurationName = Release;
		};
/* End XCConfigurationList section */
	};
	rootObject = 50992E232593FD250077A203 /* Project object */;
}
